
Microsoft Visual Studio Solution File, Format Version 12.00
# Visual Studio Version 16
VisualStudioVersion = 16.0.30503.244
MinimumVisualStudioVersion = 10.0.40219.1
Project("{FAE04EC0-301F-11D3-BF4B-00C04F79EFBC}") = "songuyentonhohonN", "songuyentonhohonN.csproj", "{44679892-85AC-4AB5-9652-9F3B5AA52559}"
EndProject
Global
	GlobalSection(SolutionConfigurationPlatforms) = preSolution
		Debug|Any CPU = Debug|Any CPU
		Release|Any CPU = Release|Any CPU
	EndGlobalSection
	GlobalSection(ProjectConfigurationPlatforms) = postSolution
		{44679892-85AC-4AB5-9652-9F3B5AA52559}.Debug|Any CPU.ActiveCfg = Debug|Any CPU
		{44679892-85AC-4AB5-9652-9F3B5AA52559}.Debug|Any CPU.Build.0 = Debug|Any CPU
		{44679892-85AC-4AB5-9652-9F3B5AA52559}.Release|Any CPU.ActiveCfg = Release|Any CPU
		{44679892-85AC-4AB5-9652-9F3B5AA52559}.Release|Any CPU.Build.0 = Release|Any CPU
	EndGlobalSection
	GlobalSection(SolutionProperties) = preSolution
		HideSolutionNode = FALSE
	EndGlobalSection
	GlobalSection(ExtensibilityGlobals) = postSolution
		SolutionGuid = {66B77ACF-EAC3-4D47-BF32-1B2AAB554E08}
	EndGlobalSection
EndGlobal
